
Microsoft Visual Studio Solution File, Format Version 12.00
# Visual Studio 15
VisualStudioVersion = 15.0.27004.2005
MinimumVisualStudioVersion = 10.0.40219.1
Project("{FAE04EC0-301F-11D3-BF4B-00C04F79EFBC}") = "ThreadPoolDemo", "ThreadPoolDemo\ThreadPoolDemo.csproj", "{895CE180-E4B3-4EAF-BD82-0513A74A853C}"
EndProject
Global
	GlobalSection(SolutionConfigurationPlatforms) = preSolution
		Debug|Any CPU = Debug|Any CPU
		Release|Any CPU = Release|Any CPU
	EndGlobalSection
	GlobalSection(ProjectConfigurationPlatforms) = postSolution
		{895CE180-E4B3-4EAF-BD82-0513A74A853C}.Debug|Any CPU.ActiveCfg = Debug|Any CPU
		{895CE180-E4B3-4EAF-BD82-0513A74A853C}.Debug|Any CPU.Build.0 = Debug|Any CPU
		{895CE180-E4B3-4EAF-BD82-0513A74A853C}.Release|Any CPU.ActiveCfg = Release|Any CPU
		{895CE180-E4B3-4EAF-BD82-0513A74A853C}.Release|Any CPU.Build.0 = Release|Any CPU
	EndGlobalSection
	GlobalSection(SolutionProperties) = preSolution
		HideSolutionNode = FALSE
	EndGlobalSection
	GlobalSection(ExtensibilityGlobals) = postSolution
		SolutionGuid = {6FC11289-2A76-4158-BB7A-61F04217E406}
	EndGlobalSection
EndGlobal
